// !$*UTF8*$!
{
	archiveVersion = 1;
	classes = {
	};
	objectVersion = 77;
	objects = {

/* Begin PBXBuildFile section */
		856E5ABF2F2C056600F2A520 /* unwanted.appex in Embed Foundation Extensions */ = {isa = PBXBuildFile; fileRef = 856E5AB52F2C056600F2A520 /* unwanted.appex */; settings = {ATTRIBUTES = (RemoveHeadersOnCopy, ); }; };
		8576DA9A2F2D02ED00064165 /* filter.appex in Embed Foundation Extensions */ = {isa = PBXBuildFile; fileRef = 8576DA932F2D02ED00064165 /* filter.appex */; settings = {ATTRIBUTES = (RemoveHeadersOnCopy, ); }; };
		85C9CE9D2D904D8C00584259 /* blocker.appex in Embed Foundation Extensions */ = {isa = PBXBuildFile; fileRef = 85C9CE962D904D8C00584259 /* blocker.appex */; settings = {ATTRIBUTES = (RemoveHeadersOnCopy, ); }; };
/* End PBXBuildFile section */

/* Begin PBXContainerItemProxy section */
		856E5ABD2F2C056600F2A520 /* PBXContainerItemProxy */ = {
			isa = PBXContainerItemProxy;
			containerPortal = 853F84802D904A1B00279342 /* Project object */;
			proxyType = 1;
			remoteGlobalIDString = 856E5AB42F2C056600F2A520;
			remoteInfo = unwanted;
		};
		8576DA982F2D02ED00064165 /* PBXContainerItemProxy */ = {
			isa = PBXContainerItemProxy;
			containerPortal = 853F84802D904A1B00279342 /* Project object */;
			proxyType = 1;
			remoteGlobalIDString = 8576DA922F2D02ED00064165;
			remoteInfo = filter;
		};
		85C9CE9B2D904D8C00584259 /* PBXContainerItemProxy */ = {
			isa = PBXContainerItemProxy;
			containerPortal = 853F84802D904A1B00279342 /* Project object */;
			proxyType = 1;
			remoteGlobalIDString = 85C9CE952D904D8C00584259;
			remoteInfo = blocker;
		};
/* End PBXContainerItemProxy section */

/* Begin PBXCopyFilesBuildPhase section */
		85C9CEA22D904D8C00584259 /* Embed Foundation Extensions */ = {
			isa = PBXCopyFilesBuildPhase;
			buildActionMask = 2147483647;
			dstPath = "";
			dstSubfolderSpec = 13;
			files = (
				85C9CE9D2D904D8C00584259 /* blocker.appex in Embed Foundation Extensions */,
				8576DA9A2F2D02ED00064165 /* filter.appex in Embed Foundation Extensions */,
				856E5ABF2F2C056600F2A520 /* unwanted.appex in Embed Foundation Extensions */,
			);
			name = "Embed Foundation Extensions";
			runOnlyForDeploymentPostprocessing = 0;
		};
/* End PBXCopyFilesBuildPhase section */

/* Begin PBXFileReference section */
		853F84882D904A1B00279342 /* saracroche.app */ = {isa = PBXFileReference; explicitFileType = wrapper.application; includeInIndex = 0; path = saracroche.app; sourceTree = BUILT_PRODUCTS_DIR; };
		856E5AB52F2C056600F2A520 /* unwanted.appex */ = {isa = PBXFileReference; explicitFileType = "wrapper.app-extension"; includeInIndex = 0; path = unwanted.appex; sourceTree = BUILT_PRODUCTS_DIR; };
		8576DA932F2D02ED00064165 /* filter.appex */ = {isa = PBXFileReference; explicitFileType = "wrapper.app-extension"; includeInIndex = 0; path = filter.appex; sourceTree = BUILT_PRODUCTS_DIR; };
		85C9CE962D904D8C00584259 /* blocker.appex */ = {isa = PBXFileReference; explicitFileType = "wrapper.app-extension"; includeInIndex = 0; path = blocker.appex; sourceTree = BUILT_PRODUCTS_DIR; };
/* End PBXFileReference section */

/* Begin PBXFileSystemSynchronizedBuildFileExceptionSet section */
		8557D1902F2D071D00054909 /* Exceptions for "unwanted" folder in "unwanted" target */ = {
			isa = PBXFileSystemSynchronizedBuildFileExceptionSet;
			membershipExceptions = (
				Info.plist,
			);
			target = 856E5AB42F2C056600F2A520 /* unwanted */;
		};
		8576DA9E2F2D02ED00064165 /* Exceptions for "filter" folder in "filter" target */ = {
			isa = PBXFileSystemSynchronizedBuildFileExceptionSet;
			membershipExceptions = (
				Info.plist,
			);
			target = 8576DA922F2D02ED00064165 /* filter */;
		};
		8593F3A72D90CAB9007C294B /* Exceptions for "saracroche" folder in "saracroche" target */ = {
			isa = PBXFileSystemSynchronizedBuildFileExceptionSet;
			membershipExceptions = (
				Info.plist,
			);
			target = 853F84872D904A1B00279342 /* saracroche */;
		};
		85C9CE9E2D904D8C00584259 /* Exceptions for "blocker" folder in "blocker" target */ = {
			isa = PBXFileSystemSynchronizedBuildFileExceptionSet;
			membershipExceptions = (
				Info.plist,
			);
			target = 85C9CE952D904D8C00584259 /* blocker */;
		};
/* End PBXFileSystemSynchronizedBuildFileExceptionSet section */

/* Begin PBXFileSystemSynchronizedRootGroup section */
		853F848A2D904A1B00279342 /* saracroche */ = {
			isa = PBXFileSystemSynchronizedRootGroup;
			exceptions = (
				8593F3A72D90CAB9007C294B /* Exceptions for "saracroche" folder in "saracroche" target */,
			);
			path = saracroche;
			sourceTree = "<group>";
		};
		856E5AB62F2C056600F2A520 /* unwanted */ = {
			isa = PBXFileSystemSynchronizedRootGroup;
			exceptions = (
				8557D1902F2D071D00054909 /* Exceptions for "unwanted" folder in "unwanted" target */,
			);
			path = unwanted;
			sourceTree = "<group>";
		};
		8576DA942F2D02ED00064165 /* filter */ = {
			isa = PBXFileSystemSynchronizedRootGroup;
			exceptions = (
				8576DA9E2F2D02ED00064165 /* Exceptions for "filter" folder in "filter" target */,
			);
			path = filter;
			sourceTree = "<group>";
		};
		85C9CE972D904D8C00584259 /* blocker */ = {
			isa = PBXFileSystemSynchronizedRootGroup;
			exceptions = (
				85C9CE9E2D904D8C00584259 /* Exceptions for "blocker" folder in "blocker" target */,
			);
			path = blocker;
			sourceTree = "<group>";
		};
/* End PBXFileSystemSynchronizedRootGroup section */

/* Begin PBXFrameworksBuildPhase section */
		853F84852D904A1B00279342 /* Frameworks */ = {
			isa = PBXFrameworksBuildPhase;
			buildActionMask = 2147483647;
			files = (
			);
			runOnlyForDeploymentPostprocessing = 0;
		};
		856E5AB22F2C056600F2A520 /* Frameworks */ = {
			isa = PBXFrameworksBuildPhase;
			buildActionMask = 2147483647;
			files = (
			);
			runOnlyForDeploymentPostprocessing = 0;
		};
		8576DA902F2D02ED00064165 /* Frameworks */ = {
			isa = PBXFrameworksBuildPhase;
			buildActionMask = 2147483647;
			files = (
			);
			runOnlyForDeploymentPostprocessing = 0;
		};
		85C9CE932D904D8C00584259 /* Frameworks */ = {
			isa = PBXFrameworksBuildPhase;
			buildActionMask = 2147483647;
			files = (
			);
			runOnlyForDeploymentPostprocessing = 0;
		};
/* End PBXFrameworksBuildPhase section */

/* Begin PBXGroup section */
		853F847F2D904A1B00279342 = {
			isa = PBXGroup;
			children = (
				853F848A2D904A1B00279342 /* saracroche */,
				85C9CE972D904D8C00584259 /* blocker */,
				856E5AB62F2C056600F2A520 /* unwanted */,
				8576DA942F2D02ED00064165 /* filter */,
				853F84892D904A1B00279342 /* Products */,
			);
			sourceTree = "<group>";
		};
		853F84892D904A1B00279342 /* Products */ = {
			isa = PBXGroup;
			children = (
				853F84882D904A1B00279342 /* saracroche.app */,
				85C9CE962D904D8C00584259 /* blocker.appex */,
				856E5AB52F2C056600F2A520 /* unwanted.appex */,
				8576DA932F2D02ED00064165 /* filter.appex */,
			);
			name = Products;
			sourceTree = "<group>";
		};
/* End PBXGroup section */

/* Begin PBXNativeTarget section */
		853F84872D904A1B00279342 /* saracroche */ = {
			isa = PBXNativeTarget;
			buildConfigurationList = 853F84962D904A1C00279342 /* Build configuration list for PBXNativeTarget "saracroche" */;
			buildPhases = (
				853F84842D904A1B00279342 /* Sources */,
				853F84852D904A1B00279342 /* Frameworks */,
				853F84862D904A1B00279342 /* Resources */,
				85C9CEA22D904D8C00584259 /* Embed Foundation Extensions */,
			);
			buildRules = (
			);
			dependencies = (
				85C9CE9C2D904D8C00584259 /* PBXTargetDependency */,
				856E5ABE2F2C056600F2A520 /* PBXTargetDependency */,
				8576DA992F2D02ED00064165 /* PBXTargetDependency */,
			);
			fileSystemSynchronizedGroups = (
				853F848A2D904A1B00279342 /* saracroche */,
			);
			name = saracroche;
			packageProductDependencies = (
			);
			productName = saracroche;
			productReference = 853F84882D904A1B00279342 /* saracroche.app */;
			productType = "com.apple.product-type.application";
		};
		856E5AB42F2C056600F2A520 /* unwanted */ = {
			isa = PBXNativeTarget;
			buildConfigurationList = 856E5AC02F2C056600F2A520 /* Build configuration list for PBXNativeTarget "unwanted" */;
			buildPhases = (
				856E5AB12F2C056600F2A520 /* Sources */,
				856E5AB22F2C056600F2A520 /* Frameworks */,
				856E5AB32F2C056600F2A520 /* Resources */,
			);
			buildRules = (
			);
			dependencies = (
			);
			fileSystemSynchronizedGroups = (
				856E5AB62F2C056600F2A520 /* unwanted */,
			);
			name = unwanted;
			packageProductDependencies = (
			);
			productName = unwanted;
			productReference = 856E5AB52F2C056600F2A520 /* unwanted.appex */;
			productType = "com.apple.product-type.app-extension";
		};
		8576DA922F2D02ED00064165 /* filter */ = {
			isa = PBXNativeTarget;
			buildConfigurationList = 8576DA9B2F2D02ED00064165 /* Build configuration list for PBXNativeTarget "filter" */;
			buildPhases = (
				8576DA8F2F2D02ED00064165 /* Sources */,
				8576DA902F2D02ED00064165 /* Frameworks */,
				8576DA912F2D02ED00064165 /* Resources */,
			);
			buildRules = (
			);
			dependencies = (
			);
			fileSystemSynchronizedGroups = (
				8576DA942F2D02ED00064165 /* filter */,
			);
			name = filter;
			packageProductDependencies = (
			);
			productName = filter;
			productReference = 8576DA932F2D02ED00064165 /* filter.appex */;
			productType = "com.apple.product-type.app-extension";
		};
		85C9CE952D904D8C00584259 /* blocker */ = {
			isa = PBXNativeTarget;
			buildConfigurationList = 85C9CE9F2D904D8C00584259 /* Build configuration list for PBXNativeTarget "blocker" */;
			buildPhases = (
				85C9CE922D904D8C00584259 /* Sources */,
				85C9CE932D904D8C00584259 /* Frameworks */,
				85C9CE942D904D8C00584259 /* Resources */,
			);
			buildRules = (
			);
			dependencies = (
			);
			fileSystemSynchronizedGroups = (
				85C9CE972D904D8C00584259 /* blocker */,
			);
			name = blocker;
			packageProductDependencies = (
			);
			productName = blocker;
			productReference = 85C9CE962D904D8C00584259 /* blocker.appex */;
			productType = "com.apple.product-type.app-extension";
		};
/* End PBXNativeTarget section */

/* Begin PBXProject section */
		853F84802D904A1B00279342 /* Project object */ = {
			isa = PBXProject;
			attributes = {
				BuildIndependentTargetsInParallel = 1;
				LastSwiftUpdateCheck = 2620;
				LastUpgradeCheck = 2620;
				TargetAttributes = {
					853F84872D904A1B00279342 = {
						CreatedOnToolsVersion = 16.2;
					};
					856E5AB42F2C056600F2A520 = {
						CreatedOnToolsVersion = 26.2;
					};
					8576DA922F2D02ED00064165 = {
						CreatedOnToolsVersion = 26.2;
					};
					85C9CE952D904D8C00584259 = {
						CreatedOnToolsVersion = 16.2;
					};
				};
			};
			buildConfigurationList = 853F84832D904A1B00279342 /* Build configuration list for PBXProject "saracroche" */;
			developmentRegion = fr;
			hasScannedForEncodings = 0;
			knownRegions = (
				Base,
				fr,
			);
			mainGroup = 853F847F2D904A1B00279342;
			minimizedProjectReferenceProxies = 1;
			preferredProjectObjectVersion = 77;
			productRefGroup = 853F84892D904A1B00279342 /* Products */;
			projectDirPath = "";
			projectRoot = "";
			targets = (
				853F84872D904A1B00279342 /* saracroche */,
				85C9CE952D904D8C00584259 /* blocker */,
				856E5AB42F2C056600F2A520 /* unwanted */,
				8576DA922F2D02ED00064165 /* filter */,
			);
		};
/* End PBXProject section */

/* Begin PBXResourcesBuildPhase section */
		853F84862D904A1B00279342 /* Resources */ = {
			isa = PBXResourcesBuildPhase;
			buildActionMask = 2147483647;
			files = (
			);
			runOnlyForDeploymentPostprocessing = 0;
		};
		856E5AB32F2C056600F2A520 /* Resources */ = {
			isa = PBXResourcesBuildPhase;
			buildActionMask = 2147483647;
			files = (
			);
			runOnlyForDeploymentPostprocessing = 0;
		};
		8576DA912F2D02ED00064165 /* Resources */ = {
			isa = PBXResourcesBuildPhase;
			buildActionMask = 2147483647;
			files = (
			);
			runOnlyForDeploymentPostprocessing = 0;
		};
		85C9CE942D904D8C00584259 /* Resources */ = {
			isa = PBXResourcesBuildPhase;
			buildActionMask = 2147483647;
			files = (
			);
			runOnlyForDeploymentPostprocessing = 0;
		};
/* End PBXResourcesBuildPhase section */

/* Begin PBXSourcesBuildPhase section */
		853F84842D904A1B00279342 /* Sources */ = {
			isa = PBXSourcesBuildPhase;
			buildActionMask = 2147483647;
			files = (
			);
			runOnlyForDeploymentPostprocessing = 0;
		};
		856E5AB12F2C056600F2A520 /* Sources */ = {
			isa = PBXSourcesBuildPhase;
			buildActionMask = 2147483647;
			files = (
			);
			runOnlyForDeploymentPostprocessing = 0;
		};
		8576DA8F2F2D02ED00064165 /* Sources */ = {
			isa = PBXSourcesBuildPhase;
			buildActionMask = 2147483647;
			files = (
			);
			runOnlyForDeploymentPostprocessing = 0;
		};
		85C9CE922D904D8C00584259 /* Sources */ = {
			isa = PBXSourcesBuildPhase;
			buildActionMask = 2147483647;
			files = (
			);
			runOnlyForDeploymentPostprocessing = 0;
		};
/* End PBXSourcesBuildPhase section */

/* Begin PBXTargetDependency section */
		856E5ABE2F2C056600F2A520 /* PBXTargetDependency */ = {
			isa = PBXTargetDependency;
			target = 856E5AB42F2C056600F2A520 /* unwanted */;
			targetProxy = 856E5ABD2F2C056600F2A520 /* PBXContainerItemProxy */;
		};
		8576DA992F2D02ED00064165 /* PBXTargetDependency */ = {
			isa = PBXTargetDependency;
			target = 8576DA922F2D02ED00064165 /* filter */;
			targetProxy = 8576DA982F2D02ED00064165 /* PBXContainerItemProxy */;
		};
		85C9CE9C2D904D8C00584259 /* PBXTargetDependency */ = {
			isa = PBXTargetDependency;
			target = 85C9CE952D904D8C00584259 /* blocker */;
			targetProxy = 85C9CE9B2D904D8C00584259 /* PBXContainerItemProxy */;
		};
/* End PBXTargetDependency section */

/* Begin XCBuildConfiguration section */
		853F84942D904A1C00279342 /* Debug */ = {
			isa = XCBuildConfiguration;
			buildSettings = {
				ALWAYS_SEARCH_USER_PATHS = NO;
				ASSETCATALOG_COMPILER_GENERATE_SWIFT_ASSET_SYMBOL_EXTENSIONS = YES;
				CLANG_ANALYZER_NONNULL = YES;
				CLANG_ANALYZER_NUMBER_OBJECT_CONVERSION = YES_AGGRESSIVE;
				CLANG_CXX_LANGUAGE_STANDARD = "gnu++20";
				CLANG_ENABLE_MODULES = YES;
				CLANG_ENABLE_OBJC_ARC = YES;
				CLANG_ENABLE_OBJC_WEAK = YES;
				CLANG_WARN_BLOCK_CAPTURE_AUTORELEASING = YES;
				CLANG_WARN_BOOL_CONVERSION = YES;
				CLANG_WARN_COMMA = YES;
				CLANG_WARN_CONSTANT_CONVERSION = YES;
				CLANG_WARN_DEPRECATED_OBJC_IMPLEMENTATIONS = YES;
				CLANG_WARN_DIRECT_OBJC_ISA_USAGE = YES_ERROR;
				CLANG_WARN_DOCUMENTATION_COMMENTS = YES;
				CLANG_WARN_EMPTY_BODY = YES;
				CLANG_WARN_ENUM_CONVERSION = YES;
				CLANG_WARN_INFINITE_RECURSION = YES;
				CLANG_WARN_INT_CONVERSION = YES;
				CLANG_WARN_NON_LITERAL_NULL_CONVERSION = YES;
				CLANG_WARN_OBJC_IMPLICIT_RETAIN_SELF = YES;
				CLANG_WARN_OBJC_LITERAL_CONVERSION = YES;
				CLANG_WARN_OBJC_ROOT_CLASS = YES_ERROR;
				CLANG_WARN_QUOTED_INCLUDE_IN_FRAMEWORK_HEADER = YES;
				CLANG_WARN_RANGE_LOOP_ANALYSIS = YES;
				CLANG_WARN_STRICT_PROTOTYPES = YES;
				CLANG_WARN_SUSPICIOUS_MOVE = YES;
				CLANG_WARN_UNGUARDED_AVAILABILITY = YES_AGGRESSIVE;
				CLANG_WARN_UNREACHABLE_CODE = YES;
				CLANG_WARN__DUPLICATE_METHOD_MATCH = YES;
				COPY_PHASE_STRIP = NO;
				DEBUG_INFORMATION_FORMAT = dwarf;
				DEVELOPMENT_TEAM = UQZ9E7YS88;
				ENABLE_STRICT_OBJC_MSGSEND = YES;
				ENABLE_TESTABILITY = YES;
				ENABLE_USER_SCRIPT_SANDBOXING = YES;
				GCC_C_LANGUAGE_STANDARD = gnu17;
				GCC_DYNAMIC_NO_PIC = NO;
				GCC_NO_COMMON_BLOCKS = YES;
				GCC_OPTIMIZATION_LEVEL = 0;
				GCC_PREPROCESSOR_DEFINITIONS = (
					"DEBUG=1",
					"$(inherited)",
				);
				GCC_WARN_64_TO_32_BIT_CONVERSION = YES;
				GCC_WARN_ABOUT_RETURN_TYPE = YES_ERROR;
				GCC_WARN_UNDECLARED_SELECTOR = YES;
				GCC_WARN_UNINITIALIZED_AUTOS = YES_AGGRESSIVE;
				GCC_WARN_UNUSED_FUNCTION = YES;
				GCC_WARN_UNUSED_VARIABLE = YES;
				IPHONEOS_DEPLOYMENT_TARGET = 18.2;
				LOCALIZATION_PREFERS_STRING_CATALOGS = YES;
				MTL_ENABLE_DEBUG_INFO = INCLUDE_SOURCE;
				MTL_FAST_MATH = YES;
				ONLY_ACTIVE_ARCH = YES;
				SDKROOT = iphoneos;
				STRING_CATALOG_GENERATE_SYMBOLS = YES;
				SWIFT_ACTIVE_COMPILATION_CONDITIONS = "DEBUG $(inherited)";
				SWIFT_OPTIMIZATION_LEVEL = "-Onone";
			};
			name = Debug;
		};
		853F84952D904A1C00279342 /* Release */ = {
			isa = XCBuildConfiguration;
			buildSettings = {
				ALWAYS_SEARCH_USER_PATHS = NO;
				ASSETCATALOG_COMPILER_GENERATE_SWIFT_ASSET_SYMBOL_EXTENSIONS = YES;
				CLANG_ANALYZER_NONNULL = YES;
				CLANG_ANALYZER_NUMBER_OBJECT_CONVERSION = YES_AGGRESSIVE;
				CLANG_CXX_LANGUAGE_STANDARD = "gnu++20";
				CLANG_ENABLE_MODULES = YES;
				CLANG_ENABLE_OBJC_ARC = YES;
				CLANG_ENABLE_OBJC_WEAK = YES;
				CLANG_WARN_BLOCK_CAPTURE_AUTORELEASING = YES;
				CLANG_WARN_BOOL_CONVERSION = YES;
				CLANG_WARN_COMMA = YES;
				CLANG_WARN_CONSTANT_CONVERSION = YES;
				CLANG_WARN_DEPRECATED_OBJC_IMPLEMENTATIONS = YES;
				CLANG_WARN_DIRECT_OBJC_ISA_USAGE = YES_ERROR;
				CLANG_WARN_DOCUMENTATION_COMMENTS = YES;
				CLANG_WARN_EMPTY_BODY = YES;
				CLANG_WARN_ENUM_CONVERSION = YES;
				CLANG_WARN_INFINITE_RECURSION = YES;
				CLANG_WARN_INT_CONVERSION = YES;
				CLANG_WARN_NON_LITERAL_NULL_CONVERSION = YES;
				CLANG_WARN_OBJC_IMPLICIT_RETAIN_SELF = YES;
				CLANG_WARN_OBJC_LITERAL_CONVERSION = YES;
				CLANG_WARN_OBJC_ROOT_CLASS = YES_ERROR;
				CLANG_WARN_QUOTED_INCLUDE_IN_FRAMEWORK_HEADER = YES;
				CLANG_WARN_RANGE_LOOP_ANALYSIS = YES;
				CLANG_WARN_STRICT_PROTOTYPES = YES;
				CLANG_WARN_SUSPICIOUS_MOVE = YES;
				CLANG_WARN_UNGUARDED_AVAILABILITY = YES_AGGRESSIVE;
				CLANG_WARN_UNREACHABLE_CODE = YES;
				CLANG_WARN__DUPLICATE_METHOD_MATCH = YES;
				COPY_PHASE_STRIP = NO;
				DEBUG_INFORMATION_FORMAT = "dwarf-with-dsym";
				DEVELOPMENT_TEAM = UQZ9E7YS88;
				ENABLE_NS_ASSERTIONS = NO;
				ENABLE_STRICT_OBJC_MSGSEND = YES;
				ENABLE_USER_SCRIPT_SANDBOXING = YES;
				GCC_C_LANGUAGE_STANDARD = gnu17;
				GCC_NO_COMMON_BLOCKS = YES;
				GCC_WARN_64_TO_32_BIT_CONVERSION = YES;
				GCC_WARN_ABOUT_RETURN_TYPE = YES_ERROR;
				GCC_WARN_UNDECLARED_SELECTOR = YES;
				GCC_WARN_UNINITIALIZED_AUTOS = YES_AGGRESSIVE;
				GCC_WARN_UNUSED_FUNCTION = YES;
				GCC_WARN_UNUSED_VARIABLE = YES;
				IPHONEOS_DEPLOYMENT_TARGET = 18.2;
				LOCALIZATION_PREFERS_STRING_CATALOGS = YES;
				MTL_ENABLE_DEBUG_INFO = NO;
				MTL_FAST_MATH = YES;
				SDKROOT = iphoneos;
				STRING_CATALOG_GENERATE_SYMBOLS = YES;
				SWIFT_COMPILATION_MODE = wholemodule;
				VALIDATE_PRODUCT = YES;
			};
			name = Release;
		};
		853F84972D904A1C00279342 /* Debug */ = {
			isa = XCBuildConfiguration;
			buildSettings = {
				ASSETCATALOG_COMPILER_APPICON_NAME = AppIcon;
				ASSETCATALOG_COMPILER_GLOBAL_ACCENT_COLOR_NAME = AccentColor;
				ASSETCATALOG_COMPILER_INCLUDE_ALL_APPICON_ASSETS = NO;
				CODE_SIGN_ENTITLEMENTS = saracroche/saracroche.entitlements;
				CODE_SIGN_STYLE = Automatic;
				CURRENT_PROJECT_VERSION = 1;
				DEVELOPMENT_ASSET_PATHS = "";
				ENABLE_PREVIEWS = YES;
				GENERATE_INFOPLIST_FILE = YES;
				INFOPLIST_FILE = saracroche/Info.plist;
				INFOPLIST_KEY_CFBundleDisplayName = Saracroche;
				INFOPLIST_KEY_ITSAppUsesNonExemptEncryption = NO;
				INFOPLIST_KEY_LSApplicationCategoryType = "public.app-category.utilities";
				INFOPLIST_KEY_UIApplicationSceneManifest_Generation = YES;
				INFOPLIST_KEY_UIApplicationSupportsIndirectInputEvents = YES;
				INFOPLIST_KEY_UISupportedInterfaceOrientations = UIInterfaceOrientationPortrait;
				INFOPLIST_KEY_UISupportedInterfaceOrientations_iPad = "UIInterfaceOrientationLandscapeLeft UIInterfaceOrientationLandscapeRight UIInterfaceOrientationPortrait UIInterfaceOrientationPortraitUpsideDown";
				IPHONEOS_DEPLOYMENT_TARGET = 15.6;
				LD_RUNPATH_SEARCH_PATHS = (
					"$(inherited)",
					"@executable_path/Frameworks",
				);
				MARKETING_VERSION = 4.0.0;
				PRODUCT_BUNDLE_IDENTIFIER = com.cbouvat.saracroche;
				PRODUCT_NAME = "$(TARGET_NAME)";
				SUPPORTED_PLATFORMS = "iphoneos iphonesimulator";
				SUPPORTS_MACCATALYST = NO;
				SUPPORTS_MAC_DESIGNED_FOR_IPHONE_IPAD = NO;
				SUPPORTS_XR_DESIGNED_FOR_IPHONE_IPAD = NO;
				SWIFT_EMIT_LOC_STRINGS = YES;
				SWIFT_VERSION = 5.0;
				TARGETED_DEVICE_FAMILY = 1;
			};
			name = Debug;
		};
		853F84982D904A1C00279342 /* Release */ = {
			isa = XCBuildConfiguration;
			buildSettings = {
				ASSETCATALOG_COMPILER_APPICON_NAME = AppIcon;
				ASSETCATALOG_COMPILER_GLOBAL_ACCENT_COLOR_NAME = AccentColor;
				ASSETCATALOG_COMPILER_INCLUDE_ALL_APPICON_ASSETS = NO;
				CODE_SIGN_ENTITLEMENTS = saracroche/saracroche.entitlements;
				CODE_SIGN_STYLE = Automatic;
				CURRENT_PROJECT_VERSION = 1;
				DEVELOPMENT_ASSET_PATHS = "";
				ENABLE_PREVIEWS = YES;
				GENERATE_INFOPLIST_FILE = YES;
				INFOPLIST_FILE = saracroche/Info.plist;
				INFOPLIST_KEY_CFBundleDisplayName = Saracroche;
				INFOPLIST_KEY_ITSAppUsesNonExemptEncryption = NO;
				INFOPLIST_KEY_LSApplicationCategoryType = "public.app-category.utilities";
				INFOPLIST_KEY_UIApplicationSceneManifest_Generation = YES;
				INFOPLIST_KEY_UIApplicationSupportsIndirectInputEvents = YES;
				INFOPLIST_KEY_UISupportedInterfaceOrientations = UIInterfaceOrientationPortrait;
				INFOPLIST_KEY_UISupportedInterfaceOrientations_iPad = "UIInterfaceOrientationLandscapeLeft UIInterfaceOrientationLandscapeRight UIInterfaceOrientationPortrait UIInterfaceOrientationPortraitUpsideDown";
				IPHONEOS_DEPLOYMENT_TARGET = 15.6;
				LD_RUNPATH_SEARCH_PATHS = (
					"$(inherited)",
					"@executable_path/Frameworks",
				);
				MARKETING_VERSION = 4.0.0;
				PRODUCT_BUNDLE_IDENTIFIER = com.cbouvat.saracroche;
				PRODUCT_NAME = "$(TARGET_NAME)";
				SUPPORTED_PLATFORMS = "iphoneos iphonesimulator";
				SUPPORTS_MACCATALYST = NO;
				SUPPORTS_MAC_DESIGNED_FOR_IPHONE_IPAD = NO;
				SUPPORTS_XR_DESIGNED_FOR_IPHONE_IPAD = NO;
				SWIFT_EMIT_LOC_STRINGS = YES;
				SWIFT_VERSION = 5.0;
				TARGETED_DEVICE_FAMILY = 1;
			};
			name = Release;
		};
		856E5AC12F2C056600F2A520 /* Debug */ = {
			isa = XCBuildConfiguration;
			buildSettings = {
				CODE_SIGN_ENTITLEMENTS = unwanted/unwanted.entitlements;
				CODE_SIGN_STYLE = Automatic;
				CURRENT_PROJECT_VERSION = 1;
				GENERATE_INFOPLIST_FILE = YES;
				INFOPLIST_FILE = unwanted/Info.plist;
				INFOPLIST_KEY_CFBundleDisplayName = unwanted;
				INFOPLIST_KEY_NSHumanReadableCopyright = "";
				IPHONEOS_DEPLOYMENT_TARGET = 15.6;
				LD_RUNPATH_SEARCH_PATHS = (
					"$(inherited)",
					"@executable_path/Frameworks",
					"@executable_path/../../Frameworks",
				);
				MARKETING_VERSION = 4.0.0;
				PRODUCT_BUNDLE_IDENTIFIER = com.cbouvat.saracroche.unwanted;
				PRODUCT_NAME = "$(TARGET_NAME)";
				SKIP_INSTALL = YES;
				STRING_CATALOG_GENERATE_SYMBOLS = YES;
				SUPPORTED_PLATFORMS = "iphoneos iphonesimulator";
				SUPPORTS_MACCATALYST = NO;
				SUPPORTS_MAC_DESIGNED_FOR_IPHONE_IPAD = NO;
				SUPPORTS_XR_DESIGNED_FOR_IPHONE_IPAD = NO;
				SWIFT_APPROACHABLE_CONCURRENCY = YES;
				SWIFT_EMIT_LOC_STRINGS = YES;
				SWIFT_UPCOMING_FEATURE_MEMBER_IMPORT_VISIBILITY = YES;
				SWIFT_VERSION = 5.0;
				TARGETED_DEVICE_FAMILY = 1;
			};
			name = Debug;
		};
		856E5AC22F2C056600F2A520 /* Release */ = {
			isa = XCBuildConfiguration;
			buildSettings = {
				CODE_SIGN_ENTITLEMENTS = unwanted/unwanted.entitlements;
				CODE_SIGN_STYLE = Automatic;
				CURRENT_PROJECT_VERSION = 1;
				GENERATE_INFOPLIST_FILE = YES;
				INFOPLIST_FILE = unwanted/Info.plist;
				INFOPLIST_KEY_CFBundleDisplayName = unwanted;
				INFOPLIST_KEY_NSHumanReadableCopyright = "";
				IPHONEOS_DEPLOYMENT_TARGET = 15.6;
				LD_RUNPATH_SEARCH_PATHS = (
					"$(inherited)",
					"@executable_path/Frameworks",
					"@executable_path/../../Frameworks",
				);
				MARKETING_VERSION = 4.0.0;
				PRODUCT_BUNDLE_IDENTIFIER = com.cbouvat.saracroche.unwanted;
				PRODUCT_NAME = "$(TARGET_NAME)";
				SKIP_INSTALL = YES;
				STRING_CATALOG_GENERATE_SYMBOLS = YES;
				SUPPORTED_PLATFORMS = "iphoneos iphonesimulator";
				SUPPORTS_MACCATALYST = NO;
				SUPPORTS_MAC_DESIGNED_FOR_IPHONE_IPAD = NO;
				SUPPORTS_XR_DESIGNED_FOR_IPHONE_IPAD = NO;
				SWIFT_APPROACHABLE_CONCURRENCY = YES;
				SWIFT_EMIT_LOC_STRINGS = YES;
				SWIFT_UPCOMING_FEATURE_MEMBER_IMPORT_VISIBILITY = YES;
				SWIFT_VERSION = 5.0;
				TARGETED_DEVICE_FAMILY = 1;
			};
			name = Release;
		};
		8576DA9C2F2D02ED00064165 /* Debug */ = {
			isa = XCBuildConfiguration;
			buildSettings = {
				CODE_SIGN_ENTITLEMENTS = filter/filter.entitlements;
				CODE_SIGN_STYLE = Automatic;
				CURRENT_PROJECT_VERSION = 1;
				GENERATE_INFOPLIST_FILE = YES;
				INFOPLIST_FILE = filter/Info.plist;
				INFOPLIST_KEY_CFBundleDisplayName = filter;
				INFOPLIST_KEY_NSHumanReadableCopyright = "";
				IPHONEOS_DEPLOYMENT_TARGET = 16.6;
				LD_RUNPATH_SEARCH_PATHS = (
					"$(inherited)",
					"@executable_path/Frameworks",
					"@executable_path/../../Frameworks",
				);
				MARKETING_VERSION = 4.0.0;
				PRODUCT_BUNDLE_IDENTIFIER = com.cbouvat.saracroche.filter;
				PRODUCT_NAME = "$(TARGET_NAME)";
				SKIP_INSTALL = YES;
				STRING_CATALOG_GENERATE_SYMBOLS = YES;
				SUPPORTED_PLATFORMS = "iphoneos iphonesimulator";
				SUPPORTS_MACCATALYST = NO;
				SUPPORTS_MAC_DESIGNED_FOR_IPHONE_IPAD = NO;
				SUPPORTS_XR_DESIGNED_FOR_IPHONE_IPAD = NO;
				SWIFT_APPROACHABLE_CONCURRENCY = YES;
				SWIFT_EMIT_LOC_STRINGS = YES;
				SWIFT_UPCOMING_FEATURE_MEMBER_IMPORT_VISIBILITY = YES;
				SWIFT_VERSION = 5.0;
				TARGETED_DEVICE_FAMILY = 1;
			};
			name = Debug;
		};
		8576DA9D2F2D02ED00064165 /* Release */ = {
			isa = XCBuildConfiguration;
			buildSettings = {
				CODE_SIGN_ENTITLEMENTS = filter/filter.entitlements;
				CODE_SIGN_STYLE = Automatic;
				CURRENT_PROJECT_VERSION = 1;
				GENERATE_INFOPLIST_FILE = YES;
				INFOPLIST_FILE = filter/Info.plist;
				INFOPLIST_KEY_CFBundleDisplayName = filter;
				INFOPLIST_KEY_NSHumanReadableCopyright = "";
				IPHONEOS_DEPLOYMENT_TARGET = 16.6;
				LD_RUNPATH_SEARCH_PATHS = (
					"$(inherited)",
					"@executable_path/Frameworks",
					"@executable_path/../../Frameworks",
				);
				MARKETING_VERSION = 4.0.0;
				PRODUCT_BUNDLE_IDENTIFIER = com.cbouvat.saracroche.filter;
				PRODUCT_NAME = "$(TARGET_NAME)";
				SKIP_INSTALL = YES;
				STRING_CATALOG_GENERATE_SYMBOLS = YES;
				SUPPORTED_PLATFORMS = "iphoneos iphonesimulator";
				SUPPORTS_MACCATALYST = NO;
				SUPPORTS_MAC_DESIGNED_FOR_IPHONE_IPAD = NO;
				SUPPORTS_XR_DESIGNED_FOR_IPHONE_IPAD = NO;
				SWIFT_APPROACHABLE_CONCURRENCY = YES;
				SWIFT_EMIT_LOC_STRINGS = YES;
				SWIFT_UPCOMING_FEATURE_MEMBER_IMPORT_VISIBILITY = YES;
				SWIFT_VERSION = 5.0;
				TARGETED_DEVICE_FAMILY = 1;
			};
			name = Release;
		};
		85C9CEA02D904D8C00584259 /* Debug */ = {
			isa = XCBuildConfiguration;
			buildSettings = {
				CODE_SIGN_ENTITLEMENTS = blocker/blocker.entitlements;
				CODE_SIGN_STYLE = Automatic;
				CURRENT_PROJECT_VERSION = 1;
				DEVELOPMENT_TEAM = UQZ9E7YS88;
				GENERATE_INFOPLIST_FILE = YES;
				INFOPLIST_FILE = blocker/Info.plist;
				INFOPLIST_KEY_CFBundleDisplayName = blocker;
				INFOPLIST_KEY_NSHumanReadableCopyright = "";
				IPHONEOS_DEPLOYMENT_TARGET = 15.6;
				LD_RUNPATH_SEARCH_PATHS = (
					"$(inherited)",
					"@executable_path/Frameworks",
					"@executable_path/../../Frameworks",
				);
				MARKETING_VERSION = 4.0.0;
				PRODUCT_BUNDLE_IDENTIFIER = com.cbouvat.saracroche.blocker;
				PRODUCT_NAME = "$(TARGET_NAME)";
				SKIP_INSTALL = YES;
				SUPPORTED_PLATFORMS = "iphoneos iphonesimulator";
				SUPPORTS_MACCATALYST = NO;
				SUPPORTS_MAC_DESIGNED_FOR_IPHONE_IPAD = NO;
				SUPPORTS_XR_DESIGNED_FOR_IPHONE_IPAD = NO;
				SWIFT_EMIT_LOC_STRINGS = YES;
				SWIFT_VERSION = 5.0;
				TARGETED_DEVICE_FAMILY = 1;
			};
			name = Debug;
		};
		85C9CEA12D904D8C00584259 /* Release */ = {
			isa = XCBuildConfiguration;
			buildSettings = {
				CODE_SIGN_ENTITLEMENTS = blocker/blocker.entitlements;
				CODE_SIGN_STYLE = Automatic;
				CURRENT_PROJECT_VERSION = 1;
				DEVELOPMENT_TEAM = UQZ9E7YS88;
				GENERATE_INFOPLIST_FILE = YES;
				INFOPLIST_FILE = blocker/Info.plist;
				INFOPLIST_KEY_CFBundleDisplayName = blocker;
				INFOPLIST_KEY_NSHumanReadableCopyright = "";
				IPHONEOS_DEPLOYMENT_TARGET = 15.6;
				LD_RUNPATH_SEARCH_PATHS = (
					"$(inherited)",
					"@executable_path/Frameworks",
					"@executable_path/../../Frameworks",
				);
				MARKETING_VERSION = 4.0.0;
				PRODUCT_BUNDLE_IDENTIFIER = com.cbouvat.saracroche.blocker;
				PRODUCT_NAME = "$(TARGET_NAME)";
				SKIP_INSTALL = YES;
				SUPPORTED_PLATFORMS = "iphoneos iphonesimulator";
				SUPPORTS_MACCATALYST = NO;
				SUPPORTS_MAC_DESIGNED_FOR_IPHONE_IPAD = NO;
				SUPPORTS_XR_DESIGNED_FOR_IPHONE_IPAD = NO;
				SWIFT_EMIT_LOC_STRINGS = YES;
				SWIFT_VERSION = 5.0;
				TARGETED_DEVICE_FAMILY = 1;
			};
			name = Release;
		};
/* End XCBuildConfiguration section */

/* Begin XCConfigurationList section */
		853F84832D904A1B00279342 /* Build configuration list for PBXProject "saracroche" */ = {
			isa = XCConfigurationList;
			buildConfigurations = (
				853F84942D904A1C00279342 /* Debug */,
				853F84952D904A1C00279342 /* Release */,
			);
			defaultConfigurationIsVisible = 0;
			defaultConfigurationName = Release;
		};
		853F84962D904A1C00279342 /* Build configuration list for PBXNativeTarget "saracroche" */ = {
			isa = XCConfigurationList;
			buildConfigurations = (
				853F84972D904A1C00279342 /* Debug */,
				853F84982D904A1C00279342 /* Release */,
			);
			defaultConfigurationIsVisible = 0;
			defaultConfigurationName = Release;
		};
		856E5AC02F2C056600F2A520 /* Build configuration list for PBXNativeTarget "unwanted" */ = {
			isa = XCConfigurationList;
			buildConfigurations = (
				856E5AC12F2C056600F2A520 /* Debug */,
				856E5AC22F2C056600F2A520 /* Release */,
			);
			defaultConfigurationIsVisible = 0;
			defaultConfigurationName = Release;
		};
		8576DA9B2F2D02ED00064165 /* Build configuration list for PBXNativeTarget "filter" */ = {
			isa = XCConfigurationList;
			buildConfigurations = (
				8576DA9C2F2D02ED00064165 /* Debug */,
				8576DA9D2F2D02ED00064165 /* Release */,
			);
			defaultConfigurationIsVisible = 0;
			defaultConfigurationName = Release;
		};
		85C9CE9F2D904D8C00584259 /* Build configuration list for PBXNativeTarget "blocker" */ = {
			isa = XCConfigurationList;
			buildConfigurations = (
				85C9CEA02D904D8C00584259 /* Debug */,
				85C9CEA12D904D8C00584259 /* Release */,
			);
			defaultConfigurationIsVisible = 0;
			defaultConfigurationName = Release;
		};
/* End XCConfigurationList section */
	};
	rootObject = 853F84802D904A1B00279342 /* Project object */;
}
